
Microsoft Visual Studio Solution File, Format Version 12.00
# Visual Studio Version 16
VisualStudioVersion = 16.0.31727.386
MinimumVisualStudioVersion = 10.0.40219.1
Project("{FAE04EC0-301F-11D3-BF4B-00C04F79EFBC}") = "WpfApp1", "WpfApp1.csproj", "{0DA1906D-0DC1-464D-B52A-18C0632CF8D2}"
EndProject
Global
	GlobalSection(SolutionConfigurationPlatforms) = preSolution
		Debug|Any CPU = Debug|Any CPU
		Release|Any CPU = Release|Any CPU
	EndGlobalSection
	GlobalSection(ProjectConfigurationPlatforms) = postSolution
		{0DA1906D-0DC1-464D-B52A-18C0632CF8D2}.Debug|Any CPU.ActiveCfg = Debug|Any CPU
		{0DA1906D-0DC1-464D-B52A-18C0632CF8D2}.Debug|Any CPU.Build.0 = Debug|Any CPU
		{0DA1906D-0DC1-464D-B52A-18C0632CF8D2}.Release|Any CPU.ActiveCfg = Release|Any CPU
		{0DA1906D-0DC1-464D-B52A-18C0632CF8D2}.Release|Any CPU.Build.0 = Release|Any CPU
	EndGlobalSection
	GlobalSection(SolutionProperties) = preSolution
		HideSolutionNode = FALSE
	EndGlobalSection
	GlobalSection(ExtensibilityGlobals) = postSolution
		SolutionGuid = {D4FBCB51-A45C-41BD-9645-25ACD95C864E}
	EndGlobalSection
EndGlobal
